
Microsoft Visual Studio Solution File, Format Version 11.00
# Visual Studio 2010
Project("{FAE04EC0-301F-11D3-BF4B-00C04F79EFBC}") = "StringCalculator.Core", "StringCalculator.Core\StringCalculator.Core.csproj", "{5F82402D-91BF-4107-825F-388DD04FABA7}"
EndProject
Project("{FAE04EC0-301F-11D3-BF4B-00C04F79EFBC}") = "StringCalculator.Tests.SpecFlow", "StringCalculator.Tests.SpecFlow\StringCalculator.Tests.SpecFlow.csproj", "{6142550C-7EA3-4888-8E98-4057533BBB78}"
EndProject
Project("{FAE04EC0-301F-11D3-BF4B-00C04F79EFBC}") = "StringCalculator.Tests.MSpec", "StringCalculator.Tests.MSpec\StringCalculator.Tests.MSpec.csproj", "{0793BEA3-9997-45D5-817C-782F1DFD1663}"
EndProject
Project("{FAE04EC0-301F-11D3-BF4B-00C04F79EFBC}") = "StringCalculator.Tests.Classic", "StringCalculator.Tests.Classic\StringCalculator.Tests.Classic.csproj", "{A5231131-31BA-4348-A7C7-A0F5A7E32BFD}"
EndProject
Global
	GlobalSection(SolutionConfigurationPlatforms) = preSolution
		Debug|Any CPU = Debug|Any CPU
		Release|Any CPU = Release|Any CPU
	EndGlobalSection
	GlobalSection(ProjectConfigurationPlatforms) = postSolution
		{5F82402D-91BF-4107-825F-388DD04FABA7}.Debug|Any CPU.ActiveCfg = Debug|Any CPU
		{5F82402D-91BF-4107-825F-388DD04FABA7}.Debug|Any CPU.Build.0 = Debug|Any CPU
		{5F82402D-91BF-4107-825F-388DD04FABA7}.Release|Any CPU.ActiveCfg = Release|Any CPU
		{5F82402D-91BF-4107-825F-388DD04FABA7}.Release|Any CPU.Build.0 = Release|Any CPU
		{6142550C-7EA3-4888-8E98-4057533BBB78}.Debug|Any CPU.ActiveCfg = Debug|Any CPU
		{6142550C-7EA3-4888-8E98-4057533BBB78}.Debug|Any CPU.Build.0 = Debug|Any CPU
		{6142550C-7EA3-4888-8E98-4057533BBB78}.Release|Any CPU.ActiveCfg = Release|Any CPU
		{6142550C-7EA3-4888-8E98-4057533BBB78}.Release|Any CPU.Build.0 = Release|Any CPU
		{0793BEA3-9997-45D5-817C-782F1DFD1663}.Debug|Any CPU.ActiveCfg = Debug|Any CPU
		{0793BEA3-9997-45D5-817C-782F1DFD1663}.Debug|Any CPU.Build.0 = Debug|Any CPU
		{0793BEA3-9997-45D5-817C-782F1DFD1663}.Release|Any CPU.ActiveCfg = Release|Any CPU
		{0793BEA3-9997-45D5-817C-782F1DFD1663}.Release|Any CPU.Build.0 = Release|Any CPU
		{A5231131-31BA-4348-A7C7-A0F5A7E32BFD}.Debug|Any CPU.ActiveCfg = Debug|Any CPU
		{A5231131-31BA-4348-A7C7-A0F5A7E32BFD}.Debug|Any CPU.Build.0 = Debug|Any CPU
		{A5231131-31BA-4348-A7C7-A0F5A7E32BFD}.Release|Any CPU.ActiveCfg = Release|Any CPU
		{A5231131-31BA-4348-A7C7-A0F5A7E32BFD}.Release|Any CPU.Build.0 = Release|Any CPU
	EndGlobalSection
	GlobalSection(SolutionProperties) = preSolution
		HideSolutionNode = FALSE
	EndGlobalSection
EndGlobal
